
Microsoft Visual Studio Solution File, Format Version 12.00
# Visual Studio Version 17
VisualStudioVersion = 17.4.33403.182
MinimumVisualStudioVersion = 10.0.40219.1
Project("{9A19103F-16F7-4668-BE54-9A1E7A4F7556}") = "JaguarROMSplitter", "JaguarROMSplitter\JaguarROMSplitter.csproj", "{A75F187E-D4EA-4C19-A5B0-15E43861B640}"
EndProject
Global
	GlobalSection(SolutionConfigurationPlatforms) = preSolution
		Debug|Any CPU = Debug|Any CPU
		Release|Any CPU = Release|Any CPU
	EndGlobalSection
	GlobalSection(ProjectConfigurationPlatforms) = postSolution
		{A75F187E-D4EA-4C19-A5B0-15E43861B640}.Debug|Any CPU.ActiveCfg = Release|Any CPU
		{A75F187E-D4EA-4C19-A5B0-15E43861B640}.Debug|Any CPU.Build.0 = Release|Any CPU
		{A75F187E-D4EA-4C19-A5B0-15E43861B640}.Release|Any CPU.ActiveCfg = Release|Any CPU
		{A75F187E-D4EA-4C19-A5B0-15E43861B640}.Release|Any CPU.Build.0 = Release|Any CPU
	EndGlobalSection
	GlobalSection(SolutionProperties) = preSolution
		HideSolutionNode = FALSE
	EndGlobalSection
	GlobalSection(ExtensibilityGlobals) = postSolution
		SolutionGuid = {4BF45802-82D2-4DCC-A4E9-DBC28204699C}
	EndGlobalSection
EndGlobal
